
Microsoft Visual Studio Solution File, Format Version 10.00
# Visual Studio 2008
Project("{FAE04EC0-301F-11D3-BF4B-00C04F79EFBC}") = "GameAnywhere", "WindowsFormsApplication1\GameAnywhere.csproj", "{62C3867B-E409-4F55-ACD7-85BA85B23122}"
EndProject
Global
	GlobalSection(SolutionConfigurationPlatforms) = preSolution
		Debug|Any CPU = Debug|Any CPU
		Release|Any CPU = Release|Any CPU
	EndGlobalSection
	GlobalSection(ProjectConfigurationPlatforms) = postSolution
		{62C3867B-E409-4F55-ACD7-85BA85B23122}.Debug|Any CPU.ActiveCfg = Debug|Any CPU
		{62C3867B-E409-4F55-ACD7-85BA85B23122}.Debug|Any CPU.Build.0 = Debug|Any CPU
		{62C3867B-E409-4F55-ACD7-85BA85B23122}.Release|Any CPU.ActiveCfg = Release|Any CPU
		{62C3867B-E409-4F55-ACD7-85BA85B23122}.Release|Any CPU.Build.0 = Release|Any CPU
	EndGlobalSection
	GlobalSection(SolutionProperties) = preSolution
		HideSolutionNode = FALSE
	EndGlobalSection
EndGlobal
